
Microsoft Visual Studio Solution File, Format Version 12.00
# Visual Studio Version 17
VisualStudioVersion = 17.6.33829.357
MinimumVisualStudioVersion = 10.0.40219.1
Project("{8BC9CEB8-8B4A-11D0-8D11-00A0C91BC942}") = "Bai 071", "Bai71\Bai71.vcxproj", "{FE7D0F47-64D5-4387-9798-7ED52CEC5631}"
EndProject
Project("{8BC9CEB8-8B4A-11D0-8D11-00A0C91BC942}") = "Bai 072", "Bai 072\Bai 072.vcxproj", "{983F23E4-50E3-493E-8478-A6C90D0ADDDF}"
EndProject
Project("{8BC9CEB8-8B4A-11D0-8D11-00A0C91BC942}") = "Bai 073", "Bai 073\Bai 073.vcxproj", "{B3A03F60-02B8-442A-A75D-79A02CB6EE6E}"
EndProject
Project("{8BC9CEB8-8B4A-11D0-8D11-00A0C91BC942}") = "Bài 074", "Bài\Bài.vcxproj", "{0CD87EF4-F66A-4817-B499-5042D3F45233}"
EndProject
Project("{8BC9CEB8-8B4A-11D0-8D11-00A0C91BC942}") = "Bai 075", "Bai 075\Bai 075.vcxproj", "{9D7BE06F-561F-4A98-9764-60CA1E869453}"
EndProject
Project("{8BC9CEB8-8B4A-11D0-8D11-00A0C91BC942}") = "Bai 076", "Bai 076\Bai 076.vcxproj", "{6B5E6A60-A619-484B-A6A1-14051CC70075}"
EndProject
Project("{8BC9CEB8-8B4A-11D0-8D11-00A0C91BC942}") = "Bai 077", "Bai 077\Bai 077.vcxproj", "{9E509571-E586-4B9D-A44E-E2B9CDDEBAFA}"
EndProject
Project("{8BC9CEB8-8B4A-11D0-8D11-00A0C91BC942}") = "Bai 078", "Bai 078\Bai 078.vcxproj", "{9C3275E8-45F9-43D0-A933-BF8E27B86457}"
EndProject
Project("{8BC9CEB8-8B4A-11D0-8D11-00A0C91BC942}") = "Bai 079", "Bai 079\Bai 079.vcxproj", "{1D80B4D3-2308-499C-B3FC-D49DB3774145}"
EndProject
Project("{8BC9CEB8-8B4A-11D0-8D11-00A0C91BC942}") = "Bai 081", "Bai 080\Bai 080.vcxproj", "{91B85F04-1956-4F4E-9B33-12177CC6E914}"
EndProject
Project("{8BC9CEB8-8B4A-11D0-8D11-00A0C91BC942}") = "Bai 082", "Bai 082\Bai 082.vcxproj", "{6846DAF3-0DC7-45CA-834D-81A582C8C7C8}"
EndProject
Project("{8BC9CEB8-8B4A-11D0-8D11-00A0C91BC942}") = "Bai 083", "Bai 083\Bai 083.vcxproj", "{28B17949-E61E-44DD-BE08-6F4B4A984AE0}"
EndProject
Project("{8BC9CEB8-8B4A-11D0-8D11-00A0C91BC942}") = "Bai 084", "Bai 084\Bai 084.vcxproj", "{961AA3B7-5357-4021-BBCD-247C7FFD406C}"
EndProject
Project("{8BC9CEB8-8B4A-11D0-8D11-00A0C91BC942}") = "Bai 085", "Bai 085\Bai 085.vcxproj", "{4B21269F-EC38-4F79-9155-36AA2D28B6C4}"
EndProject
Project("{8BC9CEB8-8B4A-11D0-8D11-00A0C91BC942}") = "Bai 093", "Bai 086\Bai 086.vcxproj", "{4EFEDF71-CEFA-4816-B81A-31890FC2F7DA}"
EndProject
Project("{8BC9CEB8-8B4A-11D0-8D11-00A0C91BC942}") = "Bai 094", "Bai 096\Bai 096.vcxproj", "{D9334FB4-E3D9-4E6B-BFDB-9A2992238BE8}"
EndProject
Project("{8BC9CEB8-8B4A-11D0-8D11-00A0C91BC942}") = "Bai 095", "Bai 095\Bai 095.vcxproj", "{56F77568-43A7-4DED-A1BA-62E2735F6270}"
EndProject
Project("{8BC9CEB8-8B4A-11D0-8D11-00A0C91BC942}") = "Bai 101", "Bai 101\Bai 101.vcxproj", "{90B21E08-B1CE-446A-A280-87C4E20DCC3F}"
EndProject
Project("{8BC9CEB8-8B4A-11D0-8D11-00A0C91BC942}") = "Bai 102", "Bai 102\Bai 102.vcxproj", "{0BD27E7C-522A-442B-BF3C-CDC9AD424EAB}"
EndProject
Project("{8BC9CEB8-8B4A-11D0-8D11-00A0C91BC942}") = "Bai 112", "Bai 112\Bai 112.vcxproj", "{B1D14AC5-FEDB-4A57-A0CB-734E24AAC020}"
EndProject
Project("{8BC9CEB8-8B4A-11D0-8D11-00A0C91BC942}") = "Bai 113", "Bai 113\Bai 113.vcxproj", "{F1760AF0-EF98-4151-957C-47245124CF9E}"
EndProject
Project("{8BC9CEB8-8B4A-11D0-8D11-00A0C91BC942}") = "Bai 114", "Bai 114\Bai 114.vcxproj", "{80E1D14C-54DA-4D4C-9911-6DDCC43EBEE2}"
EndProject
Project("{8BC9CEB8-8B4A-11D0-8D11-00A0C91BC942}") = "Bai 115", "Bai 115\Bai 115.vcxproj", "{A9F0C060-9AC9-47A6-80E4-E29A3364F1C8}"
EndProject
Project("{8BC9CEB8-8B4A-11D0-8D11-00A0C91BC942}") = "Bai 122", "Bai 122\Bai 122.vcxproj", "{E6A2547F-92AF-438C-95A9-DD12AB9C0D9B}"
EndProject
Project("{8BC9CEB8-8B4A-11D0-8D11-00A0C91BC942}") = "Bai 125", "Bai 125\Bai 125.vcxproj", "{C91FF539-23FD-4D96-B656-4D6896404D57}"
EndProject
Project("{8BC9CEB8-8B4A-11D0-8D11-00A0C91BC942}") = "Bai 126", "Bai 126\Bai 126.vcxproj", "{219FCA2E-0949-485E-80D5-A1A0CB0149D8}"
EndProject
Project("{8BC9CEB8-8B4A-11D0-8D11-00A0C91BC942}") = "Bai 128", "Bai 128\Bai 128.vcxproj", "{157610B6-742D-43C0-8322-2FF55B93EC55}"
EndProject
Project("{8BC9CEB8-8B4A-11D0-8D11-00A0C91BC942}") = "Bai 130", "Bai 130\Bai 130.vcxproj", "{9A6DAA13-36C5-4DEC-9679-407CB2DD131C}"
EndProject
Project("{8BC9CEB8-8B4A-11D0-8D11-00A0C91BC942}") = "Bai 131", "Bai 131\Bai 131.vcxproj", "{103E83DF-F7C7-4720-A072-680C4E5ECE2A}"
EndProject
Project("{8BC9CEB8-8B4A-11D0-8D11-00A0C91BC942}") = "Bai 132", "Bai 132\Bai 132.vcxproj", "{257B5950-DBC8-44FB-A82C-D77BAF9B4221}"
EndProject
Project("{8BC9CEB8-8B4A-11D0-8D11-00A0C91BC942}") = "Bai 134", "Bai 134\Bai 134.vcxproj", "{F1E5CFB2-D70F-45E9-9E24-CF08F90934D9}"
EndProject
Project("{8BC9CEB8-8B4A-11D0-8D11-00A0C91BC942}") = "Bai 135", "Bai 135\Bai 135.vcxproj", "{102CB52C-883E-4B90-A671-CF5AD15AB685}"
EndProject
Project("{8BC9CEB8-8B4A-11D0-8D11-00A0C91BC942}") = "Bai 139", "Bai 136\Bai 136.vcxproj", "{129A19D2-974F-4324-B03B-BC20B255E7CC}"
EndProject
Project("{8BC9CEB8-8B4A-11D0-8D11-00A0C91BC942}") = "Bai 140", "Bai 140\Bai 140.vcxproj", "{BE7F9356-25D2-4F98-B97C-DF4D9ADC7460}"
EndProject
Project("{8BC9CEB8-8B4A-11D0-8D11-00A0C91BC942}") = "Bai 141", "Bai 141\Bai 141.vcxproj", "{3C2AE73F-6E57-4654-8B0E-E0ABCD7D8CC4}"
EndProject
Project("{8BC9CEB8-8B4A-11D0-8D11-00A0C91BC942}") = "Bai 142 - số đảo ngược", "Bai 142\Bai 142.vcxproj", "{FA775992-14ED-42E2-83D8-564A0347D73B}"
EndProject
Project("{8BC9CEB8-8B4A-11D0-8D11-00A0C91BC942}") = "Bai 143 - số hoàn thiện", "Bai 143\Bai 143.vcxproj", "{C40A54FF-C6EA-4537-998B-A840B096ADC3}"
EndProject
Project("{8BC9CEB8-8B4A-11D0-8D11-00A0C91BC942}") = "Bai 144 - số nguyên tố", "Bai 144\Bai 144.vcxproj", "{577BDB7B-BDF3-4635-B641-784F457D9719}"
EndProject
Project("{8BC9CEB8-8B4A-11D0-8D11-00A0C91BC942}") = "Bai 145 - số chính phương", "Bai 145\Bai 145.vcxproj", "{4E70E55A-D06A-4EC3-8E8E-70940FD939E7}"
EndProject
Project("{8BC9CEB8-8B4A-11D0-8D11-00A0C91BC942}") = "Bai 146 - số đối xứng", "Bai 146\Bai 146.vcxproj", "{291C3BF3-8A8B-4A0E-9A7B-32C0209EF3FE}"
EndProject
Project("{8BC9CEB8-8B4A-11D0-8D11-00A0C91BC942}") = "Bai 147 - Toàn lẻ", "Bai 147 - Toàn lẻ\Bai 147 - Toàn lẻ.vcxproj", "{1D05A306-C6A4-4AD2-81AD-56121D2118C9}"
EndProject
Project("{8BC9CEB8-8B4A-11D0-8D11-00A0C91BC942}") = "Bai 149 - Ước số chung lớn nhất", "Bai 148\Bai 148.vcxproj", "{D1AF87DD-4E2A-4722-8DDF-AD3D84823F94}"
EndProject
Project("{8BC9CEB8-8B4A-11D0-8D11-00A0C91BC942}") = "Bai 150 - Bội chung nhỏ nhất", "Bai 150\Bai 150.vcxproj", "{2D9C90D5-9E07-4C79-A027-1297999EBD80}"
EndProject
Project("{8BC9CEB8-8B4A-11D0-8D11-00A0C91BC942}") = "Bai 151 - KT số n có dạng 2^m", "Bai 151\Bai 151.vcxproj", "{CE04D59D-F4DE-4D0B-9B2D-5C057245A1BC}"
EndProject
Project("{8BC9CEB8-8B4A-11D0-8D11-00A0C91BC942}") = "nhap", "nhap\nhap.vcxproj", "{F0623A3B-ABE7-4693-AFAD-B5B103927F0F}"
EndProject
Project("{8BC9CEB8-8B4A-11D0-8D11-00A0C91BC942}") = "baitapnhap", "baitapnhap\baitapnhap.vcxproj", "{1DA18CFE-7CF3-44FC-BCC7-F25981E1A609}"
EndProject
Global
	GlobalSection(SolutionConfigurationPlatforms) = preSolution
		Debug|x64 = Debug|x64
		Debug|x86 = Debug|x86
		Release|x64 = Release|x64
		Release|x86 = Release|x86
	EndGlobalSection
	GlobalSection(ProjectConfigurationPlatforms) = postSolution
		{FE7D0F47-64D5-4387-9798-7ED52CEC5631}.Debug|x64.ActiveCfg = Debug|x64
		{FE7D0F47-64D5-4387-9798-7ED52CEC5631}.Debug|x64.Build.0 = Debug|x64
		{FE7D0F47-64D5-4387-9798-7ED52CEC5631}.Debug|x86.ActiveCfg = Debug|Win32
		{FE7D0F47-64D5-4387-9798-7ED52CEC5631}.Debug|x86.Build.0 = Debug|Win32
		{FE7D0F47-64D5-4387-9798-7ED52CEC5631}.Release|x64.ActiveCfg = Release|x64
		{FE7D0F47-64D5-4387-9798-7ED52CEC5631}.Release|x64.Build.0 = Release|x64
		{FE7D0F47-64D5-4387-9798-7ED52CEC5631}.Release|x86.ActiveCfg = Release|Win32
		{FE7D0F47-64D5-4387-9798-7ED52CEC5631}.Release|x86.Build.0 = Release|Win32
		{983F23E4-50E3-493E-8478-A6C90D0ADDDF}.Debug|x64.ActiveCfg = Debug|x64
		{983F23E4-50E3-493E-8478-A6C90D0ADDDF}.Debug|x64.Build.0 = Debug|x64
		{983F23E4-50E3-493E-8478-A6C90D0ADDDF}.Debug|x86.ActiveCfg = Debug|Win32
		{983F23E4-50E3-493E-8478-A6C90D0ADDDF}.Debug|x86.Build.0 = Debug|Win32
		{983F23E4-50E3-493E-8478-A6C90D0ADDDF}.Release|x64.ActiveCfg = Release|x64
		{983F23E4-50E3-493E-8478-A6C90D0ADDDF}.Release|x64.Build.0 = Release|x64
		{983F23E4-50E3-493E-8478-A6C90D0ADDDF}.Release|x86.ActiveCfg = Release|Win32
		{983F23E4-50E3-493E-8478-A6C90D0ADDDF}.Release|x86.Build.0 = Release|Win32
		{B3A03F60-02B8-442A-A75D-79A02CB6EE6E}.Debug|x64.ActiveCfg = Debug|x64
		{B3A03F60-02B8-442A-A75D-79A02CB6EE6E}.Debug|x64.Build.0 = Debug|x64
		{B3A03F60-02B8-442A-A75D-79A02CB6EE6E}.Debug|x86.ActiveCfg = Debug|Win32
		{B3A03F60-02B8-442A-A75D-79A02CB6EE6E}.Debug|x86.Build.0 = Debug|Win32
		{B3A03F60-02B8-442A-A75D-79A02CB6EE6E}.Release|x64.ActiveCfg = Release|x64
		{B3A03F60-02B8-442A-A75D-79A02CB6EE6E}.Release|x64.Build.0 = Release|x64
		{B3A03F60-02B8-442A-A75D-79A02CB6EE6E}.Release|x86.ActiveCfg = Release|Win32
		{B3A03F60-02B8-442A-A75D-79A02CB6EE6E}.Release|x86.Build.0 = Release|Win32
		{0CD87EF4-F66A-4817-B499-5042D3F45233}.Debug|x64.ActiveCfg = Debug|x64
		{0CD87EF4-F66A-4817-B499-5042D3F45233}.Debug|x64.Build.0 = Debug|x64
		{0CD87EF4-F66A-4817-B499-5042D3F45233}.Debug|x86.ActiveCfg = Debug|Win32
		{0CD87EF4-F66A-4817-B499-5042D3F45233}.Debug|x86.Build.0 = Debug|Win32
		{0CD87EF4-F66A-4817-B499-5042D3F45233}.Release|x64.ActiveCfg = Release|x64
		{0CD87EF4-F66A-4817-B499-5042D3F45233}.Release|x64.Build.0 = Release|x64
		{0CD87EF4-F66A-4817-B499-5042D3F45233}.Release|x86.ActiveCfg = Release|Win32
		{0CD87EF4-F66A-4817-B499-5042D3F45233}.Release|x86.Build.0 = Release|Win32
		{9D7BE06F-561F-4A98-9764-60CA1E869453}.Debug|x64.ActiveCfg = Debug|x64
		{9D7BE06F-561F-4A98-9764-60CA1E869453}.Debug|x64.Build.0 = Debug|x64
		{9D7BE06F-561F-4A98-9764-60CA1E869453}.Debug|x86.ActiveCfg = Debug|Win32
		{9D7BE06F-561F-4A98-9764-60CA1E869453}.Debug|x86.Build.0 = Debug|Win32
		{9D7BE06F-561F-4A98-9764-60CA1E869453}.Release|x64.ActiveCfg = Release|x64
		{9D7BE06F-561F-4A98-9764-60CA1E869453}.Release|x64.Build.0 = Release|x64
		{9D7BE06F-561F-4A98-9764-60CA1E869453}.Release|x86.ActiveCfg = Release|Win32
		{9D7BE06F-561F-4A98-9764-60CA1E869453}.Release|x86.Build.0 = Release|Win32
		{6B5E6A60-A619-484B-A6A1-14051CC70075}.Debug|x64.ActiveCfg = Debug|x64
		{6B5E6A60-A619-484B-A6A1-14051CC70075}.Debug|x64.Build.0 = Debug|x64
		{6B5E6A60-A619-484B-A6A1-14051CC70075}.Debug|x86.ActiveCfg = Debug|Win32
		{6B5E6A60-A619-484B-A6A1-14051CC70075}.Debug|x86.Build.0 = Debug|Win32
		{6B5E6A60-A619-484B-A6A1-14051CC70075}.Release|x64.ActiveCfg = Release|x64
		{6B5E6A60-A619-484B-A6A1-14051CC70075}.Release|x64.Build.0 = Release|x64
		{6B5E6A60-A619-484B-A6A1-14051CC70075}.Release|x86.ActiveCfg = Release|Win32
		{6B5E6A60-A619-484B-A6A1-14051CC70075}.Release|x86.Build.0 = Release|Win32
		{9E509571-E586-4B9D-A44E-E2B9CDDEBAFA}.Debug|x64.ActiveCfg = Debug|x64
		{9E509571-E586-4B9D-A44E-E2B9CDDEBAFA}.Debug|x64.Build.0 = Debug|x64
		{9E509571-E586-4B9D-A44E-E2B9CDDEBAFA}.Debug|x86.ActiveCfg = Debug|Win32
		{9E509571-E586-4B9D-A44E-E2B9CDDEBAFA}.Debug|x86.Build.0 = Debug|Win32
		{9E509571-E586-4B9D-A44E-E2B9CDDEBAFA}.Release|x64.ActiveCfg = Release|x64
		{9E509571-E586-4B9D-A44E-E2B9CDDEBAFA}.Release|x64.Build.0 = Release|x64
		{9E509571-E586-4B9D-A44E-E2B9CDDEBAFA}.Release|x86.ActiveCfg = Release|Win32
		{9E509571-E586-4B9D-A44E-E2B9CDDEBAFA}.Release|x86.Build.0 = Release|Win32
		{9C3275E8-45F9-43D0-A933-BF8E27B86457}.Debug|x64.ActiveCfg = Debug|x64
		{9C3275E8-45F9-43D0-A933-BF8E27B86457}.Debug|x64.Build.0 = Debug|x64
		{9C3275E8-45F9-43D0-A933-BF8E27B86457}.Debug|x86.ActiveCfg = Debug|Win32
		{9C3275E8-45F9-43D0-A933-BF8E27B86457}.Debug|x86.Build.0 = Debug|Win32
		{9C3275E8-45F9-43D0-A933-BF8E27B86457}.Release|x64.ActiveCfg = Release|x64
		{9C3275E8-45F9-43D0-A933-BF8E27B86457}.Release|x64.Build.0 = Release|x64
		{9C3275E8-45F9-43D0-A933-BF8E27B86457}.Release|x86.ActiveCfg = Release|Win32
		{9C3275E8-45F9-43D0-A933-BF8E27B86457}.Release|x86.Build.0 = Release|Win32
		{1D80B4D3-2308-499C-B3FC-D49DB3774145}.Debug|x64.ActiveCfg = Debug|x64
		{1D80B4D3-2308-499C-B3FC-D49DB3774145}.Debug|x64.Build.0 = Debug|x64
		{1D80B4D3-2308-499C-B3FC-D49DB3774145}.Debug|x86.ActiveCfg = Debug|Win32
		{1D80B4D3-2308-499C-B3FC-D49DB3774145}.Debug|x86.Build.0 = Debug|Win32
		{1D80B4D3-2308-499C-B3FC-D49DB3774145}.Release|x64.ActiveCfg = Release|x64
		{1D80B4D3-2308-499C-B3FC-D49DB3774145}.Release|x64.Build.0 = Release|x64
		{1D80B4D3-2308-499C-B3FC-D49DB3774145}.Release|x86.ActiveCfg = Release|Win32
		{1D80B4D3-2308-499C-B3FC-D49DB3774145}.Release|x86.Build.0 = Release|Win32
		{91B85F04-1956-4F4E-9B33-12177CC6E914}.Debug|x64.ActiveCfg = Debug|x64
		{91B85F04-1956-4F4E-9B33-12177CC6E914}.Debug|x64.Build.0 = Debug|x64
		{91B85F04-1956-4F4E-9B33-12177CC6E914}.Debug|x86.ActiveCfg = Debug|Win32
		{91B85F04-1956-4F4E-9B33-12177CC6E914}.Debug|x86.Build.0 = Debug|Win32
		{91B85F04-1956-4F4E-9B33-12177CC6E914}.Release|x64.ActiveCfg = Release|x64
		{91B85F04-1956-4F4E-9B33-12177CC6E914}.Release|x64.Build.0 = Release|x64
		{91B85F04-1956-4F4E-9B33-12177CC6E914}.Release|x86.ActiveCfg = Release|Win32
		{91B85F04-1956-4F4E-9B33-12177CC6E914}.Release|x86.Build.0 = Release|Win32
		{6846DAF3-0DC7-45CA-834D-81A582C8C7C8}.Debug|x64.ActiveCfg = Debug|x64
		{6846DAF3-0DC7-45CA-834D-81A582C8C7C8}.Debug|x64.Build.0 = Debug|x64
		{6846DAF3-0DC7-45CA-834D-81A582C8C7C8}.Debug|x86.ActiveCfg = Debug|Win32
		{6846DAF3-0DC7-45CA-834D-81A582C8C7C8}.Debug|x86.Build.0 = Debug|Win32
		{6846DAF3-0DC7-45CA-834D-81A582C8C7C8}.Release|x64.ActiveCfg = Release|x64
		{6846DAF3-0DC7-45CA-834D-81A582C8C7C8}.Release|x64.Build.0 = Release|x64
		{6846DAF3-0DC7-45CA-834D-81A582C8C7C8}.Release|x86.ActiveCfg = Release|Win32
		{6846DAF3-0DC7-45CA-834D-81A582C8C7C8}.Release|x86.Build.0 = Release|Win32
		{28B17949-E61E-44DD-BE08-6F4B4A984AE0}.Debug|x64.ActiveCfg = Debug|x64
		{28B17949-E61E-44DD-BE08-6F4B4A984AE0}.Debug|x64.Build.0 = Debug|x64
		{28B17949-E61E-44DD-BE08-6F4B4A984AE0}.Debug|x86.ActiveCfg = Debug|Win32
		{28B17949-E61E-44DD-BE08-6F4B4A984AE0}.Debug|x86.Build.0 = Debug|Win32
		{28B17949-E61E-44DD-BE08-6F4B4A984AE0}.Release|x64.ActiveCfg = Release|x64
		{28B17949-E61E-44DD-BE08-6F4B4A984AE0}.Release|x64.Build.0 = Release|x64
		{28B17949-E61E-44DD-BE08-6F4B4A984AE0}.Release|x86.ActiveCfg = Release|Win32
		{28B17949-E61E-44DD-BE08-6F4B4A984AE0}.Release|x86.Build.0 = Release|Win32
		{961AA3B7-5357-4021-BBCD-247C7FFD406C}.Debug|x64.ActiveCfg = Debug|x64
		{961AA3B7-5357-4021-BBCD-247C7FFD406C}.Debug|x64.Build.0 = Debug|x64
		{961AA3B7-5357-4021-BBCD-247C7FFD406C}.Debug|x86.ActiveCfg = Debug|Win32
		{961AA3B7-5357-4021-BBCD-247C7FFD406C}.Debug|x86.Build.0 = Debug|Win32
		{961AA3B7-5357-4021-BBCD-247C7FFD406C}.Release|x64.ActiveCfg = Release|x64
		{961AA3B7-5357-4021-BBCD-247C7FFD406C}.Release|x64.Build.0 = Release|x64
		{961AA3B7-5357-4021-BBCD-247C7FFD406C}.Release|x86.ActiveCfg = Release|Win32
		{961AA3B7-5357-4021-BBCD-247C7FFD406C}.Release|x86.Build.0 = Release|Win32
		{4B21269F-EC38-4F79-9155-36AA2D28B6C4}.Debug|x64.ActiveCfg = Debug|x64
		{4B21269F-EC38-4F79-9155-36AA2D28B6C4}.Debug|x64.Build.0 = Debug|x64
		{4B21269F-EC38-4F79-9155-36AA2D28B6C4}.Debug|x86.ActiveCfg = Debug|Win32
		{4B21269F-EC38-4F79-9155-36AA2D28B6C4}.Debug|x86.Build.0 = Debug|Win32
		{4B21269F-EC38-4F79-9155-36AA2D28B6C4}.Release|x64.ActiveCfg = Release|x64
		{4B21269F-EC38-4F79-9155-36AA2D28B6C4}.Release|x64.Build.0 = Release|x64
		{4B21269F-EC38-4F79-9155-36AA2D28B6C4}.Release|x86.ActiveCfg = Release|Win32
		{4B21269F-EC38-4F79-9155-36AA2D28B6C4}.Release|x86.Build.0 = Release|Win32
		{4EFEDF71-CEFA-4816-B81A-31890FC2F7DA}.Debug|x64.ActiveCfg = Debug|x64
		{4EFEDF71-CEFA-4816-B81A-31890FC2F7DA}.Debug|x64.Build.0 = Debug|x64
		{4EFEDF71-CEFA-4816-B81A-31890FC2F7DA}.Debug|x86.ActiveCfg = Debug|Win32
		{4EFEDF71-CEFA-4816-B81A-31890FC2F7DA}.Debug|x86.Build.0 = Debug|Win32
		{4EFEDF71-CEFA-4816-B81A-31890FC2F7DA}.Release|x64.ActiveCfg = Release|x64
		{4EFEDF71-CEFA-4816-B81A-31890FC2F7DA}.Release|x64.Build.0 = Release|x64
		{4EFEDF71-CEFA-4816-B81A-31890FC2F7DA}.Release|x86.ActiveCfg = Release|Win32
		{4EFEDF71-CEFA-4816-B81A-31890FC2F7DA}.Release|x86.Build.0 = Release|Win32
		{D9334FB4-E3D9-4E6B-BFDB-9A2992238BE8}.Debug|x64.ActiveCfg = Debug|x64
		{D9334FB4-E3D9-4E6B-BFDB-9A2992238BE8}.Debug|x64.Build.0 = Debug|x64
		{D9334FB4-E3D9-4E6B-BFDB-9A2992238BE8}.Debug|x86.ActiveCfg = Debug|Win32
		{D9334FB4-E3D9-4E6B-BFDB-9A2992238BE8}.Debug|x86.Build.0 = Debug|Win32
		{D9334FB4-E3D9-4E6B-BFDB-9A2992238BE8}.Release|x64.ActiveCfg = Release|x64
		{D9334FB4-E3D9-4E6B-BFDB-9A2992238BE8}.Release|x64.Build.0 = Release|x64
		{D9334FB4-E3D9-4E6B-BFDB-9A2992238BE8}.Release|x86.ActiveCfg = Release|Win32
		{D9334FB4-E3D9-4E6B-BFDB-9A2992238BE8}.Release|x86.Build.0 = Release|Win32
		{56F77568-43A7-4DED-A1BA-62E2735F6270}.Debug|x64.ActiveCfg = Debug|x64
		{56F77568-43A7-4DED-A1BA-62E2735F6270}.Debug|x64.Build.0 = Debug|x64
		{56F77568-43A7-4DED-A1BA-62E2735F6270}.Debug|x86.ActiveCfg = Debug|Win32
		{56F77568-43A7-4DED-A1BA-62E2735F6270}.Debug|x86.Build.0 = Debug|Win32
		{56F77568-43A7-4DED-A1BA-62E2735F6270}.Release|x64.ActiveCfg = Release|x64
		{56F77568-43A7-4DED-A1BA-62E2735F6270}.Release|x64.Build.0 = Release|x64
		{56F77568-43A7-4DED-A1BA-62E2735F6270}.Release|x86.ActiveCfg = Release|Win32
		{56F77568-43A7-4DED-A1BA-62E2735F6270}.Release|x86.Build.0 = Release|Win32
		{90B21E08-B1CE-446A-A280-87C4E20DCC3F}.Debug|x64.ActiveCfg = Debug|x64
		{90B21E08-B1CE-446A-A280-87C4E20DCC3F}.Debug|x64.Build.0 = Debug|x64
		{90B21E08-B1CE-446A-A280-87C4E20DCC3F}.Debug|x86.ActiveCfg = Debug|Win32
		{90B21E08-B1CE-446A-A280-87C4E20DCC3F}.Debug|x86.Build.0 = Debug|Win32
		{90B21E08-B1CE-446A-A280-87C4E20DCC3F}.Release|x64.ActiveCfg = Release|x64
		{90B21E08-B1CE-446A-A280-87C4E20DCC3F}.Release|x64.Build.0 = Release|x64
		{90B21E08-B1CE-446A-A280-87C4E20DCC3F}.Release|x86.ActiveCfg = Release|Win32
		{90B21E08-B1CE-446A-A280-87C4E20DCC3F}.Release|x86.Build.0 = Release|Win32
		{0BD27E7C-522A-442B-BF3C-CDC9AD424EAB}.Debug|x64.ActiveCfg = Debug|x64
		{0BD27E7C-522A-442B-BF3C-CDC9AD424EAB}.Debug|x64.Build.0 = Debug|x64
		{0BD27E7C-522A-442B-BF3C-CDC9AD424EAB}.Debug|x86.ActiveCfg = Debug|Win32
		{0BD27E7C-522A-442B-BF3C-CDC9AD424EAB}.Debug|x86.Build.0 = Debug|Win32
		{0BD27E7C-522A-442B-BF3C-CDC9AD424EAB}.Release|x64.ActiveCfg = Release|x64
		{0BD27E7C-522A-442B-BF3C-CDC9AD424EAB}.Release|x64.Build.0 = Release|x64
		{0BD27E7C-522A-442B-BF3C-CDC9AD424EAB}.Release|x86.ActiveCfg = Release|Win32
		{0BD27E7C-522A-442B-BF3C-CDC9AD424EAB}.Release|x86.Build.0 = Release|Win32
		{B1D14AC5-FEDB-4A57-A0CB-734E24AAC020}.Debug|x64.ActiveCfg = Debug|x64
		{B1D14AC5-FEDB-4A57-A0CB-734E24AAC020}.Debug|x64.Build.0 = Debug|x64
		{B1D14AC5-FEDB-4A57-A0CB-734E24AAC020}.Debug|x86.ActiveCfg = Debug|Win32
		{B1D14AC5-FEDB-4A57-A0CB-734E24AAC020}.Debug|x86.Build.0 = Debug|Win32
		{B1D14AC5-FEDB-4A57-A0CB-734E24AAC020}.Release|x64.ActiveCfg = Release|x64
		{B1D14AC5-FEDB-4A57-A0CB-734E24AAC020}.Release|x64.Build.0 = Release|x64
		{B1D14AC5-FEDB-4A57-A0CB-734E24AAC020}.Release|x86.ActiveCfg = Release|Win32
		{B1D14AC5-FEDB-4A57-A0CB-734E24AAC020}.Release|x86.Build.0 = Release|Win32
		{F1760AF0-EF98-4151-957C-47245124CF9E}.Debug|x64.ActiveCfg = Debug|x64
		{F1760AF0-EF98-4151-957C-47245124CF9E}.Debug|x64.Build.0 = Debug|x64
		{F1760AF0-EF98-4151-957C-47245124CF9E}.Debug|x86.ActiveCfg = Debug|Win32
		{F1760AF0-EF98-4151-957C-47245124CF9E}.Debug|x86.Build.0 = Debug|Win32
		{F1760AF0-EF98-4151-957C-47245124CF9E}.Release|x64.ActiveCfg = Release|x64
		{F1760AF0-EF98-4151-957C-47245124CF9E}.Release|x64.Build.0 = Release|x64
		{F1760AF0-EF98-4151-957C-47245124CF9E}.Release|x86.ActiveCfg = Release|Win32
		{F1760AF0-EF98-4151-957C-47245124CF9E}.Release|x86.Build.0 = Release|Win32
		{80E1D14C-54DA-4D4C-9911-6DDCC43EBEE2}.Debug|x64.ActiveCfg = Debug|x64
		{80E1D14C-54DA-4D4C-9911-6DDCC43EBEE2}.Debug|x64.Build.0 = Debug|x64
		{80E1D14C-54DA-4D4C-9911-6DDCC43EBEE2}.Debug|x86.ActiveCfg = Debug|Win32
		{80E1D14C-54DA-4D4C-9911-6DDCC43EBEE2}.Debug|x86.Build.0 = Debug|Win32
		{80E1D14C-54DA-4D4C-9911-6DDCC43EBEE2}.Release|x64.ActiveCfg = Release|x64
		{80E1D14C-54DA-4D4C-9911-6DDCC43EBEE2}.Release|x64.Build.0 = Release|x64
		{80E1D14C-54DA-4D4C-9911-6DDCC43EBEE2}.Release|x86.ActiveCfg = Release|Win32
		{80E1D14C-54DA-4D4C-9911-6DDCC43EBEE2}.Release|x86.Build.0 = Release|Win32
		{A9F0C060-9AC9-47A6-80E4-E29A3364F1C8}.Debug|x64.ActiveCfg = Debug|x64
		{A9F0C060-9AC9-47A6-80E4-E29A3364F1C8}.Debug|x64.Build.0 = Debug|x64
		{A9F0C060-9AC9-47A6-80E4-E29A3364F1C8}.Debug|x86.ActiveCfg = Debug|Win32
		{A9F0C060-9AC9-47A6-80E4-E29A3364F1C8}.Debug|x86.Build.0 = Debug|Win32
		{A9F0C060-9AC9-47A6-80E4-E29A3364F1C8}.Release|x64.ActiveCfg = Release|x64
		{A9F0C060-9AC9-47A6-80E4-E29A3364F1C8}.Release|x64.Build.0 = Release|x64
		{A9F0C060-9AC9-47A6-80E4-E29A3364F1C8}.Release|x86.ActiveCfg = Release|Win32
		{A9F0C060-9AC9-47A6-80E4-E29A3364F1C8}.Release|x86.Build.0 = Release|Win32
		{E6A2547F-92AF-438C-95A9-DD12AB9C0D9B}.Debug|x64.ActiveCfg = Debug|x64
		{E6A2547F-92AF-438C-95A9-DD12AB9C0D9B}.Debug|x64.Build.0 = Debug|x64
		{E6A2547F-92AF-438C-95A9-DD12AB9C0D9B}.Debug|x86.ActiveCfg = Debug|Win32
		{E6A2547F-92AF-438C-95A9-DD12AB9C0D9B}.Debug|x86.Build.0 = Debug|Win32
		{E6A2547F-92AF-438C-95A9-DD12AB9C0D9B}.Release|x64.ActiveCfg = Release|x64
		{E6A2547F-92AF-438C-95A9-DD12AB9C0D9B}.Release|x64.Build.0 = Release|x64
		{E6A2547F-92AF-438C-95A9-DD12AB9C0D9B}.Release|x86.ActiveCfg = Release|Win32
		{E6A2547F-92AF-438C-95A9-DD12AB9C0D9B}.Release|x86.Build.0 = Release|Win32
		{C91FF539-23FD-4D96-B656-4D6896404D57}.Debug|x64.ActiveCfg = Debug|x64
		{C91FF539-23FD-4D96-B656-4D6896404D57}.Debug|x64.Build.0 = Debug|x64
		{C91FF539-23FD-4D96-B656-4D6896404D57}.Debug|x86.ActiveCfg = Debug|Win32
		{C91FF539-23FD-4D96-B656-4D6896404D57}.Debug|x86.Build.0 = Debug|Win32
		{C91FF539-23FD-4D96-B656-4D6896404D57}.Release|x64.ActiveCfg = Release|x64
		{C91FF539-23FD-4D96-B656-4D6896404D57}.Release|x64.Build.0 = Release|x64
		{C91FF539-23FD-4D96-B656-4D6896404D57}.Release|x86.ActiveCfg = Release|Win32
		{C91FF539-23FD-4D96-B656-4D6896404D57}.Release|x86.Build.0 = Release|Win32
		{219FCA2E-0949-485E-80D5-A1A0CB0149D8}.Debug|x64.ActiveCfg = Debug|x64
		{219FCA2E-0949-485E-80D5-A1A0CB0149D8}.Debug|x64.Build.0 = Debug|x64
		{219FCA2E-0949-485E-80D5-A1A0CB0149D8}.Debug|x86.ActiveCfg = Debug|Win32
		{219FCA2E-0949-485E-80D5-A1A0CB0149D8}.Debug|x86.Build.0 = Debug|Win32
		{219FCA2E-0949-485E-80D5-A1A0CB0149D8}.Release|x64.ActiveCfg = Release|x64
		{219FCA2E-0949-485E-80D5-A1A0CB0149D8}.Release|x64.Build.0 = Release|x64
		{219FCA2E-0949-485E-80D5-A1A0CB0149D8}.Release|x86.ActiveCfg = Release|Win32
		{219FCA2E-0949-485E-80D5-A1A0CB0149D8}.Release|x86.Build.0 = Release|Win32
		{157610B6-742D-43C0-8322-2FF55B93EC55}.Debug|x64.ActiveCfg = Debug|x64
		{157610B6-742D-43C0-8322-2FF55B93EC55}.Debug|x64.Build.0 = Debug|x64
		{157610B6-742D-43C0-8322-2FF55B93EC55}.Debug|x86.ActiveCfg = Debug|Win32
		{157610B6-742D-43C0-8322-2FF55B93EC55}.Debug|x86.Build.0 = Debug|Win32
		{157610B6-742D-43C0-8322-2FF55B93EC55}.Release|x64.ActiveCfg = Release|x64
		{157610B6-742D-43C0-8322-2FF55B93EC55}.Release|x64.Build.0 = Release|x64
		{157610B6-742D-43C0-8322-2FF55B93EC55}.Release|x86.ActiveCfg = Release|Win32
		{157610B6-742D-43C0-8322-2FF55B93EC55}.Release|x86.Build.0 = Release|Win32
		{9A6DAA13-36C5-4DEC-9679-407CB2DD131C}.Debug|x64.ActiveCfg = Debug|x64
		{9A6DAA13-36C5-4DEC-9679-407CB2DD131C}.Debug|x64.Build.0 = Debug|x64
		{9A6DAA13-36C5-4DEC-9679-407CB2DD131C}.Debug|x86.ActiveCfg = Debug|Win32
		{9A6DAA13-36C5-4DEC-9679-407CB2DD131C}.Debug|x86.Build.0 = Debug|Win32
		{9A6DAA13-36C5-4DEC-9679-407CB2DD131C}.Release|x64.ActiveCfg = Release|x64
		{9A6DAA13-36C5-4DEC-9679-407CB2DD131C}.Release|x64.Build.0 = Release|x64
		{9A6DAA13-36C5-4DEC-9679-407CB2DD131C}.Release|x86.ActiveCfg = Release|Win32
		{9A6DAA13-36C5-4DEC-9679-407CB2DD131C}.Release|x86.Build.0 = Release|Win32
		{103E83DF-F7C7-4720-A072-680C4E5ECE2A}.Debug|x64.ActiveCfg = Debug|x64
		{103E83DF-F7C7-4720-A072-680C4E5ECE2A}.Debug|x64.Build.0 = Debug|x64
		{103E83DF-F7C7-4720-A072-680C4E5ECE2A}.Debug|x86.ActiveCfg = Debug|Win32
		{103E83DF-F7C7-4720-A072-680C4E5ECE2A}.Debug|x86.Build.0 = Debug|Win32
		{103E83DF-F7C7-4720-A072-680C4E5ECE2A}.Release|x64.ActiveCfg = Release|x64
		{103E83DF-F7C7-4720-A072-680C4E5ECE2A}.Release|x64.Build.0 = Release|x64
		{103E83DF-F7C7-4720-A072-680C4E5ECE2A}.Release|x86.ActiveCfg = Release|Win32
		{103E83DF-F7C7-4720-A072-680C4E5ECE2A}.Release|x86.Build.0 = Release|Win32
		{257B5950-DBC8-44FB-A82C-D77BAF9B4221}.Debug|x64.ActiveCfg = Debug|x64
		{257B5950-DBC8-44FB-A82C-D77BAF9B4221}.Debug|x64.Build.0 = Debug|x64
		{257B5950-DBC8-44FB-A82C-D77BAF9B4221}.Debug|x86.ActiveCfg = Debug|Win32
		{257B5950-DBC8-44FB-A82C-D77BAF9B4221}.Debug|x86.Build.0 = Debug|Win32
		{257B5950-DBC8-44FB-A82C-D77BAF9B4221}.Release|x64.ActiveCfg = Release|x64
		{257B5950-DBC8-44FB-A82C-D77BAF9B4221}.Release|x64.Build.0 = Release|x64
		{257B5950-DBC8-44FB-A82C-D77BAF9B4221}.Release|x86.ActiveCfg = Release|Win32
		{257B5950-DBC8-44FB-A82C-D77BAF9B4221}.Release|x86.Build.0 = Release|Win32
		{F1E5CFB2-D70F-45E9-9E24-CF08F90934D9}.Debug|x64.ActiveCfg = Debug|x64
		{F1E5CFB2-D70F-45E9-9E24-CF08F90934D9}.Debug|x64.Build.0 = Debug|x64
		{F1E5CFB2-D70F-45E9-9E24-CF08F90934D9}.Debug|x86.ActiveCfg = Debug|Win32
		{F1E5CFB2-D70F-45E9-9E24-CF08F90934D9}.Debug|x86.Build.0 = Debug|Win32
		{F1E5CFB2-D70F-45E9-9E24-CF08F90934D9}.Release|x64.ActiveCfg = Release|x64
		{F1E5CFB2-D70F-45E9-9E24-CF08F90934D9}.Release|x64.Build.0 = Release|x64
		{F1E5CFB2-D70F-45E9-9E24-CF08F90934D9}.Release|x86.ActiveCfg = Release|Win32
		{F1E5CFB2-D70F-45E9-9E24-CF08F90934D9}.Release|x86.Build.0 = Release|Win32
		{102CB52C-883E-4B90-A671-CF5AD15AB685}.Debug|x64.ActiveCfg = Debug|x64
		{102CB52C-883E-4B90-A671-CF5AD15AB685}.Debug|x64.Build.0 = Debug|x64
		{102CB52C-883E-4B90-A671-CF5AD15AB685}.Debug|x86.ActiveCfg = Debug|Win32
		{102CB52C-883E-4B90-A671-CF5AD15AB685}.Debug|x86.Build.0 = Debug|Win32
		{102CB52C-883E-4B90-A671-CF5AD15AB685}.Release|x64.ActiveCfg = Release|x64
		{102CB52C-883E-4B90-A671-CF5AD15AB685}.Release|x64.Build.0 = Release|x64
		{102CB52C-883E-4B90-A671-CF5AD15AB685}.Release|x86.ActiveCfg = Release|Win32
		{102CB52C-883E-4B90-A671-CF5AD15AB685}.Release|x86.Build.0 = Release|Win32
		{129A19D2-974F-4324-B03B-BC20B255E7CC}.Debug|x64.ActiveCfg = Debug|x64
		{129A19D2-974F-4324-B03B-BC20B255E7CC}.Debug|x64.Build.0 = Debug|x64
		{129A19D2-974F-4324-B03B-BC20B255E7CC}.Debug|x86.ActiveCfg = Debug|Win32
		{129A19D2-974F-4324-B03B-BC20B255E7CC}.Debug|x86.Build.0 = Debug|Win32
		{129A19D2-974F-4324-B03B-BC20B255E7CC}.Release|x64.ActiveCfg = Release|x64
		{129A19D2-974F-4324-B03B-BC20B255E7CC}.Release|x64.Build.0 = Release|x64
		{129A19D2-974F-4324-B03B-BC20B255E7CC}.Release|x86.ActiveCfg = Release|Win32
		{129A19D2-974F-4324-B03B-BC20B255E7CC}.Release|x86.Build.0 = Release|Win32
		{BE7F9356-25D2-4F98-B97C-DF4D9ADC7460}.Debug|x64.ActiveCfg = Debug|x64
		{BE7F9356-25D2-4F98-B97C-DF4D9ADC7460}.Debug|x64.Build.0 = Debug|x64
		{BE7F9356-25D2-4F98-B97C-DF4D9ADC7460}.Debug|x86.ActiveCfg = Debug|Win32
		{BE7F9356-25D2-4F98-B97C-DF4D9ADC7460}.Debug|x86.Build.0 = Debug|Win32
		{BE7F9356-25D2-4F98-B97C-DF4D9ADC7460}.Release|x64.ActiveCfg = Release|x64
		{BE7F9356-25D2-4F98-B97C-DF4D9ADC7460}.Release|x64.Build.0 = Release|x64
		{BE7F9356-25D2-4F98-B97C-DF4D9ADC7460}.Release|x86.ActiveCfg = Release|Win32
		{BE7F9356-25D2-4F98-B97C-DF4D9ADC7460}.Release|x86.Build.0 = Release|Win32
		{3C2AE73F-6E57-4654-8B0E-E0ABCD7D8CC4}.Debug|x64.ActiveCfg = Debug|x64
		{3C2AE73F-6E57-4654-8B0E-E0ABCD7D8CC4}.Debug|x64.Build.0 = Debug|x64
		{3C2AE73F-6E57-4654-8B0E-E0ABCD7D8CC4}.Debug|x86.ActiveCfg = Debug|Win32
		{3C2AE73F-6E57-4654-8B0E-E0ABCD7D8CC4}.Debug|x86.Build.0 = Debug|Win32
		{3C2AE73F-6E57-4654-8B0E-E0ABCD7D8CC4}.Release|x64.ActiveCfg = Release|x64
		{3C2AE73F-6E57-4654-8B0E-E0ABCD7D8CC4}.Release|x64.Build.0 = Release|x64
		{3C2AE73F-6E57-4654-8B0E-E0ABCD7D8CC4}.Release|x86.ActiveCfg = Release|Win32
		{3C2AE73F-6E57-4654-8B0E-E0ABCD7D8CC4}.Release|x86.Build.0 = Release|Win32
		{FA775992-14ED-42E2-83D8-564A0347D73B}.Debug|x64.ActiveCfg = Debug|x64
		{FA775992-14ED-42E2-83D8-564A0347D73B}.Debug|x64.Build.0 = Debug|x64
		{FA775992-14ED-42E2-83D8-564A0347D73B}.Debug|x86.ActiveCfg = Debug|Win32
		{FA775992-14ED-42E2-83D8-564A0347D73B}.Debug|x86.Build.0 = Debug|Win32
		{FA775992-14ED-42E2-83D8-564A0347D73B}.Release|x64.ActiveCfg = Release|x64
		{FA775992-14ED-42E2-83D8-564A0347D73B}.Release|x64.Build.0 = Release|x64
		{FA775992-14ED-42E2-83D8-564A0347D73B}.Release|x86.ActiveCfg = Release|Win32
		{FA775992-14ED-42E2-83D8-564A0347D73B}.Release|x86.Build.0 = Release|Win32
		{C40A54FF-C6EA-4537-998B-A840B096ADC3}.Debug|x64.ActiveCfg = Debug|x64
		{C40A54FF-C6EA-4537-998B-A840B096ADC3}.Debug|x64.Build.0 = Debug|x64
		{C40A54FF-C6EA-4537-998B-A840B096ADC3}.Debug|x86.ActiveCfg = Debug|Win32
		{C40A54FF-C6EA-4537-998B-A840B096ADC3}.Debug|x86.Build.0 = Debug|Win32
		{C40A54FF-C6EA-4537-998B-A840B096ADC3}.Release|x64.ActiveCfg = Release|x64
		{C40A54FF-C6EA-4537-998B-A840B096ADC3}.Release|x64.Build.0 = Release|x64
		{C40A54FF-C6EA-4537-998B-A840B096ADC3}.Release|x86.ActiveCfg = Release|Win32
		{C40A54FF-C6EA-4537-998B-A840B096ADC3}.Release|x86.Build.0 = Release|Win32
		{577BDB7B-BDF3-4635-B641-784F457D9719}.Debug|x64.ActiveCfg = Debug|x64
		{577BDB7B-BDF3-4635-B641-784F457D9719}.Debug|x64.Build.0 = Debug|x64
		{577BDB7B-BDF3-4635-B641-784F457D9719}.Debug|x86.ActiveCfg = Debug|Win32
		{577BDB7B-BDF3-4635-B641-784F457D9719}.Debug|x86.Build.0 = Debug|Win32
		{577BDB7B-BDF3-4635-B641-784F457D9719}.Release|x64.ActiveCfg = Release|x64
		{577BDB7B-BDF3-4635-B641-784F457D9719}.Release|x64.Build.0 = Release|x64
		{577BDB7B-BDF3-4635-B641-784F457D9719}.Release|x86.ActiveCfg = Release|Win32
		{577BDB7B-BDF3-4635-B641-784F457D9719}.Release|x86.Build.0 = Release|Win32
		{4E70E55A-D06A-4EC3-8E8E-70940FD939E7}.Debug|x64.ActiveCfg = Debug|x64
		{4E70E55A-D06A-4EC3-8E8E-70940FD939E7}.Debug|x64.Build.0 = Debug|x64
		{4E70E55A-D06A-4EC3-8E8E-70940FD939E7}.Debug|x86.ActiveCfg = Debug|Win32
		{4E70E55A-D06A-4EC3-8E8E-70940FD939E7}.Debug|x86.Build.0 = Debug|Win32
		{4E70E55A-D06A-4EC3-8E8E-70940FD939E7}.Release|x64.ActiveCfg = Release|x64
		{4E70E55A-D06A-4EC3-8E8E-70940FD939E7}.Release|x64.Build.0 = Release|x64
		{4E70E55A-D06A-4EC3-8E8E-70940FD939E7}.Release|x86.ActiveCfg = Release|Win32
		{4E70E55A-D06A-4EC3-8E8E-70940FD939E7}.Release|x86.Build.0 = Release|Win32
		{291C3BF3-8A8B-4A0E-9A7B-32C0209EF3FE}.Debug|x64.ActiveCfg = Debug|x64
		{291C3BF3-8A8B-4A0E-9A7B-32C0209EF3FE}.Debug|x64.Build.0 = Debug|x64
		{291C3BF3-8A8B-4A0E-9A7B-32C0209EF3FE}.Debug|x86.ActiveCfg = Debug|Win32
		{291C3BF3-8A8B-4A0E-9A7B-32C0209EF3FE}.Debug|x86.Build.0 = Debug|Win32
		{291C3BF3-8A8B-4A0E-9A7B-32C0209EF3FE}.Release|x64.ActiveCfg = Release|x64
		{291C3BF3-8A8B-4A0E-9A7B-32C0209EF3FE}.Release|x64.Build.0 = Release|x64
		{291C3BF3-8A8B-4A0E-9A7B-32C0209EF3FE}.Release|x86.ActiveCfg = Release|Win32
		{291C3BF3-8A8B-4A0E-9A7B-32C0209EF3FE}.Release|x86.Build.0 = Release|Win32
		{1D05A306-C6A4-4AD2-81AD-56121D2118C9}.Debug|x64.ActiveCfg = Debug|x64
		{1D05A306-C6A4-4AD2-81AD-56121D2118C9}.Debug|x64.Build.0 = Debug|x64
		{1D05A306-C6A4-4AD2-81AD-56121D2118C9}.Debug|x86.ActiveCfg = Debug|Win32
		{1D05A306-C6A4-4AD2-81AD-56121D2118C9}.Debug|x86.Build.0 = Debug|Win32
		{1D05A306-C6A4-4AD2-81AD-56121D2118C9}.Release|x64.ActiveCfg = Release|x64
		{1D05A306-C6A4-4AD2-81AD-56121D2118C9}.Release|x64.Build.0 = Release|x64
		{1D05A306-C6A4-4AD2-81AD-56121D2118C9}.Release|x86.ActiveCfg = Release|Win32
		{1D05A306-C6A4-4AD2-81AD-56121D2118C9}.Release|x86.Build.0 = Release|Win32
		{D1AF87DD-4E2A-4722-8DDF-AD3D84823F94}.Debug|x64.ActiveCfg = Debug|x64
		{D1AF87DD-4E2A-4722-8DDF-AD3D84823F94}.Debug|x64.Build.0 = Debug|x64
		{D1AF87DD-4E2A-4722-8DDF-AD3D84823F94}.Debug|x86.ActiveCfg = Debug|Win32
		{D1AF87DD-4E2A-4722-8DDF-AD3D84823F94}.Debug|x86.Build.0 = Debug|Win32
		{D1AF87DD-4E2A-4722-8DDF-AD3D84823F94}.Release|x64.ActiveCfg = Release|x64
		{D1AF87DD-4E2A-4722-8DDF-AD3D84823F94}.Release|x64.Build.0 = Release|x64
		{D1AF87DD-4E2A-4722-8DDF-AD3D84823F94}.Release|x86.ActiveCfg = Release|Win32
		{D1AF87DD-4E2A-4722-8DDF-AD3D84823F94}.Release|x86.Build.0 = Release|Win32
		{2D9C90D5-9E07-4C79-A027-1297999EBD80}.Debug|x64.ActiveCfg = Debug|x64
		{2D9C90D5-9E07-4C79-A027-1297999EBD80}.Debug|x64.Build.0 = Debug|x64
		{2D9C90D5-9E07-4C79-A027-1297999EBD80}.Debug|x86.ActiveCfg = Debug|Win32
		{2D9C90D5-9E07-4C79-A027-1297999EBD80}.Debug|x86.Build.0 = Debug|Win32
		{2D9C90D5-9E07-4C79-A027-1297999EBD80}.Release|x64.ActiveCfg = Release|x64
		{2D9C90D5-9E07-4C79-A027-1297999EBD80}.Release|x64.Build.0 = Release|x64
		{2D9C90D5-9E07-4C79-A027-1297999EBD80}.Release|x86.ActiveCfg = Release|Win32
		{2D9C90D5-9E07-4C79-A027-1297999EBD80}.Release|x86.Build.0 = Release|Win32
		{CE04D59D-F4DE-4D0B-9B2D-5C057245A1BC}.Debug|x64.ActiveCfg = Debug|x64
		{CE04D59D-F4DE-4D0B-9B2D-5C057245A1BC}.Debug|x64.Build.0 = Debug|x64
		{CE04D59D-F4DE-4D0B-9B2D-5C057245A1BC}.Debug|x86.ActiveCfg = Debug|Win32
		{CE04D59D-F4DE-4D0B-9B2D-5C057245A1BC}.Debug|x86.Build.0 = Debug|Win32
		{CE04D59D-F4DE-4D0B-9B2D-5C057245A1BC}.Release|x64.ActiveCfg = Release|x64
		{CE04D59D-F4DE-4D0B-9B2D-5C057245A1BC}.Release|x64.Build.0 = Release|x64
		{CE04D59D-F4DE-4D0B-9B2D-5C057245A1BC}.Release|x86.ActiveCfg = Release|Win32
		{CE04D59D-F4DE-4D0B-9B2D-5C057245A1BC}.Release|x86.Build.0 = Release|Win32
		{F0623A3B-ABE7-4693-AFAD-B5B103927F0F}.Debug|x64.ActiveCfg = Debug|x64
		{F0623A3B-ABE7-4693-AFAD-B5B103927F0F}.Debug|x64.Build.0 = Debug|x64
		{F0623A3B-ABE7-4693-AFAD-B5B103927F0F}.Debug|x86.ActiveCfg = Debug|Win32
		{F0623A3B-ABE7-4693-AFAD-B5B103927F0F}.Debug|x86.Build.0 = Debug|Win32
		{F0623A3B-ABE7-4693-AFAD-B5B103927F0F}.Release|x64.ActiveCfg = Release|x64
		{F0623A3B-ABE7-4693-AFAD-B5B103927F0F}.Release|x64.Build.0 = Release|x64
		{F0623A3B-ABE7-4693-AFAD-B5B103927F0F}.Release|x86.ActiveCfg = Release|Win32
		{F0623A3B-ABE7-4693-AFAD-B5B103927F0F}.Release|x86.Build.0 = Release|Win32
		{1DA18CFE-7CF3-44FC-BCC7-F25981E1A609}.Debug|x64.ActiveCfg = Debug|x64
		{1DA18CFE-7CF3-44FC-BCC7-F25981E1A609}.Debug|x64.Build.0 = Debug|x64
		{1DA18CFE-7CF3-44FC-BCC7-F25981E1A609}.Debug|x86.ActiveCfg = Debug|Win32
		{1DA18CFE-7CF3-44FC-BCC7-F25981E1A609}.Debug|x86.Build.0 = Debug|Win32
		{1DA18CFE-7CF3-44FC-BCC7-F25981E1A609}.Release|x64.ActiveCfg = Release|x64
		{1DA18CFE-7CF3-44FC-BCC7-F25981E1A609}.Release|x64.Build.0 = Release|x64
		{1DA18CFE-7CF3-44FC-BCC7-F25981E1A609}.Release|x86.ActiveCfg = Release|Win32
		{1DA18CFE-7CF3-44FC-BCC7-F25981E1A609}.Release|x86.Build.0 = Release|Win32
	EndGlobalSection
	GlobalSection(SolutionProperties) = preSolution
		HideSolutionNode = FALSE
	EndGlobalSection
	GlobalSection(ExtensibilityGlobals) = postSolution
		SolutionGuid = {9C51564F-44EC-4B80-A634-8D92DF2768F5}
	EndGlobalSection
EndGlobal
